
Microsoft Visual Studio Solution File, Format Version 12.00
# Visual Studio Version 17
VisualStudioVersion = 17.5.33414.496
MinimumVisualStudioVersion = 10.0.40219.1
Project("{FAE04EC0-301F-11D3-BF4B-00C04F79EFBC}") = "SourceCopyTool", "SourceCopyTool.csproj", "{8CEFCE04-91BF-406C-8D63-5F03BF0BFAC5}"
EndProject
Global
	GlobalSection(SolutionConfigurationPlatforms) = preSolution
		Debug|Any CPU = Debug|Any CPU
		Release|Any CPU = Release|Any CPU
	EndGlobalSection
	GlobalSection(ProjectConfigurationPlatforms) = postSolution
		{8CEFCE04-91BF-406C-8D63-5F03BF0BFAC5}.Debug|Any CPU.ActiveCfg = Debug|Any CPU
		{8CEFCE04-91BF-406C-8D63-5F03BF0BFAC5}.Debug|Any CPU.Build.0 = Debug|Any CPU
		{8CEFCE04-91BF-406C-8D63-5F03BF0BFAC5}.Release|Any CPU.ActiveCfg = Release|Any CPU
		{8CEFCE04-91BF-406C-8D63-5F03BF0BFAC5}.Release|Any CPU.Build.0 = Release|Any CPU
	EndGlobalSection
	GlobalSection(SolutionProperties) = preSolution
		HideSolutionNode = FALSE
	EndGlobalSection
	GlobalSection(ExtensibilityGlobals) = postSolution
		SolutionGuid = {76BCDADF-6D75-4212-BFF5-683773E81C57}
	EndGlobalSection
EndGlobal
